# THIS IS AN AUTOGENERATED FILE. DO NOT EDIT THIS FILE DIRECTLY.
# yarn lockfile v1


"@ckeditor/ckeditor5-adapter-ckfinder@^26.0.0":
  version "26.0.0"
  resolved "https://registry.npmjs.org/@ckeditor/ckeditor5-adapter-ckfinder/-/ckeditor5-adapter-ckfinder-26.0.0.tgz#2fa6dab49670902f7d49c3af425cfd88dc16cf7f"
  integrity sha512-X6B2zHyX5FHoox7fQvg1wykkPj+4h6VjwRe3+R6JPGWnTkgGzhMsufz2U0zym0rgvekEo0vADR3WPZEB//SNRA==
  dependencies:
    ckeditor5 "^26.0.0"

"@ckeditor/ckeditor5-autoformat@^26.0.0":
  version "26.0.0"
  resolved "https://registry.npmjs.org/@ckeditor/ckeditor5-autoformat/-/ckeditor5-autoformat-26.0.0.tgz#3e2904b81e852478fcd3ec8f7f1791c710c828ad"
  integrity sha512-s44X6nKlfCUGODvvf2UeVGdgt14dI87T4lX69PEIqmAvDIiAhp5iLkUpMRHRn3+lIrqO3nDd9igq4SRGgZaggw==
  dependencies:
    ckeditor5 "^26.0.0"

"@ckeditor/ckeditor5-basic-styles@^26.0.0":
  version "26.0.0"
  resolved "https://registry.npmjs.org/@ckeditor/ckeditor5-basic-styles/-/ckeditor5-basic-styles-26.0.0.tgz#80369c168d0f6e50f4eb29beaafa29b1e79c717a"
  integrity sha512-r6G9IuKMGM6T9piTmVn5qIKyv7dGDj5wn0kTcn9i3GHPkg4AW2U5OltC3Cusd9ghPW4oQKclbfTSfNteMpCF7g==
  dependencies:
    ckeditor5 "^26.0.0"

"@ckeditor/ckeditor5-block-quote@^26.0.0":
  version "26.0.0"
  resolved "https://registry.npmjs.org/@ckeditor/ckeditor5-block-quote/-/ckeditor5-block-quote-26.0.0.tgz#6dca716aee3cd7e0a91948223fdd19d06d812fd8"
  integrity sha512-ijhSly3DUI3u+FrTZoys+RlpCy0dWyvYOZV0d2dsV2cba/Z/b3lfKMNSmNQT1Y1sYzMm9dQS7m50IW0wiISGgw==
  dependencies:
    ckeditor5 "^26.0.0"

"@ckeditor/ckeditor5-build-classic@^26.0.0":
  version "26.0.0"
  resolved "https://registry.npmjs.org/@ckeditor/ckeditor5-build-classic/-/ckeditor5-build-classic-26.0.0.tgz#5ae0919cd57f7783e3fdc53f4dac65abb6933712"
  integrity sha512-e8gf+ndcB1Fbv4h03djDpCBrY3fuP55N4rSHkBUr3m8B+Gdn31PG0BQnjwh+2/uwBR4iGmu+SgK0Kj1BpWtkbQ==
  dependencies:
    "@ckeditor/ckeditor5-adapter-ckfinder" "^26.0.0"
    "@ckeditor/ckeditor5-autoformat" "^26.0.0"
    "@ckeditor/ckeditor5-basic-styles" "^26.0.0"
    "@ckeditor/ckeditor5-block-quote" "^26.0.0"
    "@ckeditor/ckeditor5-ckfinder" "^26.0.0"
    "@ckeditor/ckeditor5-cloud-services" "^26.0.0"
    "@ckeditor/ckeditor5-easy-image" "^26.0.0"
    "@ckeditor/ckeditor5-editor-classic" "^26.0.0"
    "@ckeditor/ckeditor5-essentials" "^26.0.0"
    "@ckeditor/ckeditor5-heading" "^26.0.0"
    "@ckeditor/ckeditor5-image" "^26.0.0"
    "@ckeditor/ckeditor5-indent" "^26.0.0"
    "@ckeditor/ckeditor5-link" "^26.0.0"
    "@ckeditor/ckeditor5-list" "^26.0.0"
    "@ckeditor/ckeditor5-media-embed" "^26.0.0"
    "@ckeditor/ckeditor5-paragraph" "^26.0.0"
    "@ckeditor/ckeditor5-paste-from-office" "^26.0.0"
    "@ckeditor/ckeditor5-table" "^26.0.0"
    "@ckeditor/ckeditor5-typing" "^26.0.0"

"@ckeditor/ckeditor5-ckfinder@^26.0.0":
  version "26.0.0"
  resolved "https://registry.npmjs.org/@ckeditor/ckeditor5-ckfinder/-/ckeditor5-ckfinder-26.0.0.tgz#bb1f9b41edf47871973867f2c0a9493f97b2b655"
  integrity sha512-Fv52MpGY5bQ+Du8k41dt9p98bgnIAboJceq4W8+FOpoEUEP9eA1aPacVgqpwOR6N4YNO2G4IpyqqnWRVNWwf1A==
  dependencies:
    ckeditor5 "^26.0.0"

"@ckeditor/ckeditor5-clipboard@^26.0.0":
  version "26.0.0"
  resolved "https://registry.npmjs.org/@ckeditor/ckeditor5-clipboard/-/ckeditor5-clipboard-26.0.0.tgz#93a8dfc1ee0be7649f9b0e96ee2b62c0aad90388"
  integrity sha512-gayzt7KOM8vlaSTtUJqKKAjnZBYpsxumLPXZKtHKWYzyL3SFEaKJF3MH6QT4MYPSGJ9KnIpEQcx4OKCQbAy2iQ==
  dependencies:
    "@ckeditor/ckeditor5-core" "^26.0.0"
    "@ckeditor/ckeditor5-engine" "^26.0.0"
    "@ckeditor/ckeditor5-utils" "^26.0.0"

"@ckeditor/ckeditor5-cloud-services@^26.0.0":
  version "26.0.0"
  resolved "https://registry.npmjs.org/@ckeditor/ckeditor5-cloud-services/-/ckeditor5-cloud-services-26.0.0.tgz#b204f14d7a4cf5302ed38825f60853ebbcf89086"
  integrity sha512-DR9NOUsYdL6NyfjyTCFKqju6h0B50yMQ4WwaLon0LcnuG5jyJYsGFwRn9iMwSdjjQOZvFkl+Q+dEE7t2/dgbWw==
  dependencies:
    ckeditor5 "^26.0.0"

"@ckeditor/ckeditor5-core@^26.0.0":
  version "26.0.0"
  resolved "https://registry.npmjs.org/@ckeditor/ckeditor5-core/-/ckeditor5-core-26.0.0.tgz#f081f556031926fe4f5bf87d291c82b34bcf2eb4"
  integrity sha512-0ldhqp5gD3RoCXzRSEaAf7Lwh50HIC7BF5BeZVJCynIWZlk2RhZWtR1xArVxOoRhABwu9xNTFkLr8Cqlx4LNeg==
  dependencies:
    "@ckeditor/ckeditor5-engine" "^26.0.0"
    "@ckeditor/ckeditor5-ui" "^26.0.0"
    "@ckeditor/ckeditor5-utils" "^26.0.0"
    lodash-es "^4.17.15"

"@ckeditor/ckeditor5-easy-image@^26.0.0":
  version "26.0.0"
  resolved "https://registry.npmjs.org/@ckeditor/ckeditor5-easy-image/-/ckeditor5-easy-image-26.0.0.tgz#fd28c549b6804fb3436187c74cda677d1b158fc9"
  integrity sha512-CSYh4jfe/wuuBbTmClfgxQkohS7i9kBzs/AepZGQg+Ege8YfacF2uTHICO1Mu4ojBdGD3qRlW8EpyFgFA4xetg==
  dependencies:
    ckeditor5 "^26.0.0"

"@ckeditor/ckeditor5-editor-classic@^26.0.0":
  version "26.0.0"
  resolved "https://registry.npmjs.org/@ckeditor/ckeditor5-editor-classic/-/ckeditor5-editor-classic-26.0.0.tgz#e4d22c03c10b4ba4782bff0729812b3c8de7ad3c"
  integrity sha512-qf4LleS21tXJc4oKHWU439t7SYhkR7eJRAjjJNsxhosanTUp4DMb7OlOHNhTzfLuOwtc563NLOWyTf8PTWYtUw==
  dependencies:
    ckeditor5 "^26.0.0"
    lodash-es "^4.17.15"

"@ckeditor/ckeditor5-engine@^26.0.0":
  version "26.0.0"
  resolved "https://registry.npmjs.org/@ckeditor/ckeditor5-engine/-/ckeditor5-engine-26.0.0.tgz#d1c7d310bbbc313f59505fac75af5ef75098d578"
  integrity sha512-6jPj1XjzcpQj5dp6a0agL394t8KTSej/eKx9rcIb0GxEGSOWD8eJ3B5PAvyeepBXsPyQWDw6QxEmwwPE1qUlBg==
  dependencies:
    "@ckeditor/ckeditor5-utils" "^26.0.0"
    lodash-es "^4.17.15"

"@ckeditor/ckeditor5-enter@^26.0.0":
  version "26.0.0"
  resolved "https://registry.npmjs.org/@ckeditor/ckeditor5-enter/-/ckeditor5-enter-26.0.0.tgz#16ed1b0f9ca4302875990229b38a64df74cff487"
  integrity sha512-1ju7Zon7hZmLjMHDIdnahY3Q41rzIaFXMNeZNxm/SMpuTLHOLufxxLhA02jJbgGylM+NW9pyLurLc8wteIsmsg==
  dependencies:
    "@ckeditor/ckeditor5-core" "^26.0.0"
    "@ckeditor/ckeditor5-engine" "^26.0.0"
    "@ckeditor/ckeditor5-utils" "^26.0.0"

"@ckeditor/ckeditor5-essentials@^26.0.0":
  version "26.0.0"
  resolved "https://registry.npmjs.org/@ckeditor/ckeditor5-essentials/-/ckeditor5-essentials-26.0.0.tgz#f67873cc5f90171fffa0ffedb15138fb5f1dbb12"
  integrity sha512-472HTZmXx4n5Bv+Hq8OKkUkyo4OgF8M8fdgQaIRn9OjfaUv2vCmw74nrD3xGEv5MqAfeciGbkgI0MY+H8dDJwA==
  dependencies:
    ckeditor5 "^26.0.0"

"@ckeditor/ckeditor5-heading@^26.0.0":
  version "26.0.0"
  resolved "https://registry.npmjs.org/@ckeditor/ckeditor5-heading/-/ckeditor5-heading-26.0.0.tgz#9330d76e204f62dd426691a626f814707de90c76"
  integrity sha512-gWeYMoxg5k4grqV48rwzHakyPRmt2QyNOPIAo3Nf1QC+vCuCO6EmsYvDLo9KIIt5mvkOCb6ILJiTEHFjtuyJQA==
  dependencies:
    ckeditor5 "^26.0.0"

"@ckeditor/ckeditor5-image@^26.0.0":
  version "26.0.0"
  resolved "https://registry.npmjs.org/@ckeditor/ckeditor5-image/-/ckeditor5-image-26.0.0.tgz#73a5e1e43bca74f8de246820fde5f16a86704a1b"
  integrity sha512-l1+xjAMadj/e8g09s8T5UocLJVj/vSBitwHhNScGYfGexw3C1xaxNj18AFAN4804p9dgxxNTHph3b6tfpoULpA==
  dependencies:
    "@ckeditor/ckeditor5-ui" "^26.0.0"
    ckeditor5 "^26.0.0"

"@ckeditor/ckeditor5-indent@^26.0.0":
  version "26.0.0"
  resolved "https://registry.npmjs.org/@ckeditor/ckeditor5-indent/-/ckeditor5-indent-26.0.0.tgz#1892f5bbd53e9f45f3062a8dcaffb7eb3bd95459"
  integrity sha512-l1SjgLqgAru+KHYPsWrJjqyviiIHp25s+saL3KNCjTLatJ6o1vb51jxjHBUeWTvNPtMGceBAlL+RYHBOXymAFg==
  dependencies:
    ckeditor5 "^26.0.0"

"@ckeditor/ckeditor5-link@^26.0.0":
  version "26.0.0"
  resolved "https://registry.npmjs.org/@ckeditor/ckeditor5-link/-/ckeditor5-link-26.0.0.tgz#565ee69a2a5a3f3eeb9e17e3aaa66a0681a9c5eb"
  integrity sha512-bqJeDwd6cD7m3H8iSQxWZcRdPb/2n1kStxTleme2PTo/IKauBbdC+GcaRgPElRMtRX1jRBFlmjEeDfw8ka8/2Q==
  dependencies:
    "@ckeditor/ckeditor5-ui" "^26.0.0"
    ckeditor5 "^26.0.0"
    lodash-es "^4.17.15"

"@ckeditor/ckeditor5-list@^26.0.0":
  version "26.0.0"
  resolved "https://registry.npmjs.org/@ckeditor/ckeditor5-list/-/ckeditor5-list-26.0.0.tgz#ac5c95813945e27bdb1d2096b2df48dc5970efdb"
  integrity sha512-qPBJZPa1hp9krnNuaAeNoRrIdSYsaRFcgmLFTuZp4zVbqH1nj2yfOlf9kjd33Y+1O/HLU4KOA+CZUJqTgl6BTQ==
  dependencies:
    ckeditor5 "^26.0.0"

"@ckeditor/ckeditor5-media-embed@^26.0.0":
  version "26.0.0"
  resolved "https://registry.npmjs.org/@ckeditor/ckeditor5-media-embed/-/ckeditor5-media-embed-26.0.0.tgz#3fb033147b78aa27fa60214cee640f0556490520"
  integrity sha512-ug1qNttu+k98Qpz7Ot/Fb07qeo5d+1QZNNZrS8sUer70P57EjaolRqmC+OQE/evBAZ8D001k71fmVsVBHb8A9g==
  dependencies:
    "@ckeditor/ckeditor5-ui" "^26.0.0"
    ckeditor5 "^26.0.0"

"@ckeditor/ckeditor5-paragraph@^26.0.0":
  version "26.0.0"
  resolved "https://registry.npmjs.org/@ckeditor/ckeditor5-paragraph/-/ckeditor5-paragraph-26.0.0.tgz#f1fde02be80c4d3afe6254c228fd427479ad62b0"
  integrity sha512-HP346zeN5WmFxpWoMkl6ZvjIpa9/muA01NRF0alwLMeTgaauiZRLFC/3tJfcFa9UyYqW8q9/QKB0BPOE3dpvDA==
  dependencies:
    "@ckeditor/ckeditor5-core" "^26.0.0"
    "@ckeditor/ckeditor5-ui" "^26.0.0"
    "@ckeditor/ckeditor5-utils" "^26.0.0"

"@ckeditor/ckeditor5-paste-from-office@^26.0.0":
  version "26.0.0"
  resolved "https://registry.npmjs.org/@ckeditor/ckeditor5-paste-from-office/-/ckeditor5-paste-from-office-26.0.0.tgz#0bd11264ce357e97844de27604c790e267a31602"
  integrity sha512-i9AXf8meBvkvj38BGyoy6imdhsDOliK1D5OjTS3THMVeRNDC+Hj9dHkHZyFk5XIC/ZUJJ2TCXw+7TbNU1yPQJA==
  dependencies:
    ckeditor5 "^26.0.0"

"@ckeditor/ckeditor5-react@^3.0.2":
  version "3.0.2"
  resolved "https://registry.npmjs.org/@ckeditor/ckeditor5-react/-/ckeditor5-react-3.0.2.tgz#257466959cf5c6e16ed3dd3afe860e4c177dd156"
  integrity sha512-hOAREzVUp8dwE8vV8qgxIGBOJzaxCm8N2aEhtbCq6QZbGLW9dckdfGKVmbtgEnCQgueVXEUqfDyUIXM6LtXDHA==
  dependencies:
    prop-types "^15.7.2"

"@ckeditor/ckeditor5-select-all@^26.0.0":
  version "26.0.0"
  resolved "https://registry.npmjs.org/@ckeditor/ckeditor5-select-all/-/ckeditor5-select-all-26.0.0.tgz#58e7afd1593dbc1acb0ff3fdf56c6e470a6c1bba"
  integrity sha512-EeGVH6rbHSyeqiTJqTdyU46F9celxNHskID1HFYHjVbznj69bFCJ6yIwtDRprp99rKpQKIAEThl1JjS1Y+qiCw==
  dependencies:
    "@ckeditor/ckeditor5-core" "^26.0.0"
    "@ckeditor/ckeditor5-ui" "^26.0.0"
    "@ckeditor/ckeditor5-utils" "^26.0.0"

"@ckeditor/ckeditor5-table@^26.0.0":
  version "26.0.0"
  resolved "https://registry.npmjs.org/@ckeditor/ckeditor5-table/-/ckeditor5-table-26.0.0.tgz#6653447694b1595bbd2db32e64318573cb0b2cdf"
  integrity sha512-Cr3cEgpbSYAD2vRE2O+OSUYe0JVIjy0MZAE5MJ+xCnbUnjxeUZcdiQNWKCYEcc9wRjcsSBRnuvCjrY2ZbVO1KQ==
  dependencies:
    ckeditor5 "^26.0.0"
    lodash-es "^4.17.15"

"@ckeditor/ckeditor5-typing@^26.0.0":
  version "26.0.0"
  resolved "https://registry.npmjs.org/@ckeditor/ckeditor5-typing/-/ckeditor5-typing-26.0.0.tgz#a5c5744aa223665e8b7b9cc1faf227aa9f718def"
  integrity sha512-UknfqItAFMLgT0aE2yNfB2oFCWVz7sbKaYVferWYBnPhOGMoz8nFjfSQsqqHobNXDq+UwERDYUhe3xEBvQm0Nw==
  dependencies:
    "@ckeditor/ckeditor5-core" "^26.0.0"
    "@ckeditor/ckeditor5-engine" "^26.0.0"
    "@ckeditor/ckeditor5-utils" "^26.0.0"
    lodash-es "^4.17.15"

"@ckeditor/ckeditor5-ui@^26.0.0":
  version "26.0.0"
  resolved "https://registry.npmjs.org/@ckeditor/ckeditor5-ui/-/ckeditor5-ui-26.0.0.tgz#d95510ad27d9f79c810a8d4c16508e337b986aa5"
  integrity sha512-68uN2cm+KI/Pzs7Pgz0uNRQO8CR8g98AgIOOPPyabdMAozlL2TsAKjBE6LwJYefWZ4a6I8BD05qFprjEQzCBqg==
  dependencies:
    "@ckeditor/ckeditor5-utils" "^26.0.0"
    ckeditor5 "^26.0.0"
    lodash-es "^4.17.15"

"@ckeditor/ckeditor5-undo@^26.0.0":
  version "26.0.0"
  resolved "https://registry.npmjs.org/@ckeditor/ckeditor5-undo/-/ckeditor5-undo-26.0.0.tgz#5a885aed31b67d4af0a6c6a7228a4ef6f1bbb97c"
  integrity sha512-JHRtO2rkYSF8tSE0Nmkl1h9qH2MskHQ6QiKmysO7JI3Mgyz2cQ5IkRDtlUJsl+JtpzE2j63/mPad8puG1BErWQ==
  dependencies:
    "@ckeditor/ckeditor5-core" "^26.0.0"
    "@ckeditor/ckeditor5-engine" "^26.0.0"
    "@ckeditor/ckeditor5-ui" "^26.0.0"

"@ckeditor/ckeditor5-upload@^26.0.0":
  version "26.0.0"
  resolved "https://registry.npmjs.org/@ckeditor/ckeditor5-upload/-/ckeditor5-upload-26.0.0.tgz#e6710865c2082672d0e4f0371b00e151b7e78227"
  integrity sha512-n8x+hThr6Y8XOdGOfALLBicFMfWVVXzCDd5JpWuQGyDV1W3fIZEfHsQoIlAcDOkOn7d6G6Wuns1QZm3cKawJdg==
  dependencies:
    "@ckeditor/ckeditor5-core" "^26.0.0"
    "@ckeditor/ckeditor5-ui" "^26.0.0"
    "@ckeditor/ckeditor5-utils" "^26.0.0"

"@ckeditor/ckeditor5-utils@^26.0.0":
  version "26.0.0"
  resolved "https://registry.npmjs.org/@ckeditor/ckeditor5-utils/-/ckeditor5-utils-26.0.0.tgz#9a653a73a66d1dfab65bcc2f6aa721f1f70d5261"
  integrity sha512-Ht75tCV0ZpL7H2HA7rFYoOOTc+C98p7dMvw83DDSHSDTWJ4D+Z6LqLmuGhSMYlzvrn8mljPCn/1EoZY9KvI9pw==
  dependencies:
    lodash-es "^4.17.15"

"@ckeditor/ckeditor5-widget@^26.0.0":
  version "26.0.0"
  resolved "https://registry.npmjs.org/@ckeditor/ckeditor5-widget/-/ckeditor5-widget-26.0.0.tgz#2e6b326764d7b3105bbdfdd721445e8e1e993edc"
  integrity sha512-G3S7ckNpyvsGeltBrTxWKkF5UlTaP4p1AeuySd8umchayK48HZSDsQXXEq67hvrZ/J7skFis7faGGwuve/fq0w==
  dependencies:
    "@ckeditor/ckeditor5-core" "^26.0.0"
    "@ckeditor/ckeditor5-engine" "^26.0.0"
    "@ckeditor/ckeditor5-typing" "^26.0.0"
    "@ckeditor/ckeditor5-ui" "^26.0.0"
    "@ckeditor/ckeditor5-utils" "^26.0.0"
    lodash-es "^4.17.15"

ckeditor5@^26.0.0:
  version "26.0.0"
  resolved "https://registry.npmjs.org/ckeditor5/-/ckeditor5-26.0.0.tgz#5e67e27d30df3c38a0c2b4bbc1baa5c3e5fc0134"
  integrity sha512-+IXvCdc+19ykAt7t6idyq+61lkVtfFP/6d0lMid07/BKasnd7P4bk1+F1i2Ld/OlzsvUPXvwPMGovngIY6K0LA==
  dependencies:
    "@ckeditor/ckeditor5-clipboard" "^26.0.0"
    "@ckeditor/ckeditor5-core" "^26.0.0"
    "@ckeditor/ckeditor5-engine" "^26.0.0"
    "@ckeditor/ckeditor5-enter" "^26.0.0"
    "@ckeditor/ckeditor5-paragraph" "^26.0.0"
    "@ckeditor/ckeditor5-select-all" "^26.0.0"
    "@ckeditor/ckeditor5-typing" "^26.0.0"
    "@ckeditor/ckeditor5-ui" "^26.0.0"
    "@ckeditor/ckeditor5-undo" "^26.0.0"
    "@ckeditor/ckeditor5-upload" "^26.0.0"
    "@ckeditor/ckeditor5-utils" "^26.0.0"
    "@ckeditor/ckeditor5-widget" "^26.0.0"

"js-tokens@^3.0.0 || ^4.0.0":
  version "4.0.0"
  resolved "https://registry.npmjs.org/js-tokens/-/js-tokens-4.0.0.tgz"
  integrity sha512-RdJUflcE3cUzKiMqQgsCu06FPu9UdIJO0beYbPhHN4k6apgJtifcoCtT9bcxOpYBtpD2kCM6Sbzg4CausW/PKQ==

lodash-es@^4.17.15:
  version "4.17.21"
  resolved "https://registry.npmjs.org/lodash-es/-/lodash-es-4.17.21.tgz#43e626c46e6591b7750beb2b50117390c609e3ee"
  integrity sha512-mKnC+QJ9pWVzv+C4/U3rRsHapFfHvQFoFB92e52xeyGMcX6/OlIl78je1u8vePzYZSkkogMPJ2yjxxsb89cxyw==

loose-envify@^1.4.0:
  version "1.4.0"
  resolved "https://registry.npmjs.org/loose-envify/-/loose-envify-1.4.0.tgz"
  integrity sha512-lyuxPGr/Wfhrlem2CL/UcnUc1zcqKAImBDzukY7Y5F/yQiNdko6+fRLevlw1HgMySw7f611UIY408EtxRSoK3Q==
  dependencies:
    js-tokens "^3.0.0 || ^4.0.0"

object-assign@^4.1.1:
  version "4.1.1"
  resolved "https://registry.npmjs.org/object-assign/-/object-assign-4.1.1.tgz"
  integrity sha1-IQmtx5ZYh8/AXLvUQsrIv7s2CGM=

prop-types@^15.7.2:
  version "15.7.2"
  resolved "https://registry.npmjs.org/prop-types/-/prop-types-15.7.2.tgz"
  integrity sha512-8QQikdH7//R2vurIJSutZ1smHYTcLpRWEOlHnzcWHmBYrOGUysKwSsrC89BCiFj3CbrfJ/nXFdJepOVrY1GCHQ==
  dependencies:
    loose-envify "^1.4.0"
    object-assign "^4.1.1"
    react-is "^16.8.1"

react-is@^16.8.1:
  version "16.13.1"
  resolved "https://registry.npmjs.org/react-is/-/react-is-16.13.1.tgz"
  integrity sha512-24e6ynE2H+OKt4kqsOvNd8kBpV65zoxbA4BVsEOB3ARVWQki/DHzaUoC5KuON/BiccDaCCTZBuOcfZs70kR8bQ==
